// !$*UTF8*$!
{
	archiveVersion = 1;
	classes = {
	};
	objectVersion = 50;
	objects = {

/* Begin PBXBuildFile section */
		04EEFDA521BDB325001F1B20 /* AppDelegate.swift in Sources */ = {isa = PBXBuildFile; fileRef = 04EEFDA421BDB325001F1B20 /* AppDelegate.swift */; };
		04EEFDA721BDB325001F1B20 /* ViewController.swift in Sources */ = {isa = PBXBuildFile; fileRef = 04EEFDA621BDB325001F1B20 /* ViewController.swift */; };
		04EEFDAA21BDB325001F1B20 /* Main.storyboard in Resources */ = {isa = PBXBuildFile; fileRef = 04EEFDA821BDB325001F1B20 /* Main.storyboard */; };
		04EEFDAC21BDB325001F1B20 /* Assets.xcassets in Resources */ = {isa = PBXBuildFile; fileRef = 04EEFDAB21BDB325001F1B20 /* Assets.xcassets */; };
		04EEFDAF21BDB325001F1B20 /* LaunchScreen.storyboard in Resources */ = {isa = PBXBuildFile; fileRef = 04EEFDAD21BDB325001F1B20 /* LaunchScreen.storyboard */; };
		04EEFDBA21BDB325001F1B20 /* increament_decreament____1Tests.swift in Sources */ = {isa = PBXBuildFile; fileRef = 04EEFDB921BDB325001F1B20 /* increament_decreament____1Tests.swift */; };
		04EEFDC521BDB325001F1B20 /* increament_decreament____1UITests.swift in Sources */ = {isa = PBXBuildFile; fileRef = 04EEFDC421BDB325001F1B20 /* increament_decreament____1UITests.swift */; };
/* End PBXBuildFile section */

/* Begin PBXContainerItemProxy section */
		04EEFDB621BDB325001F1B20 /* PBXContainerItemProxy */ = {
			isa = PBXContainerItemProxy;
			containerPortal = 04EEFD9921BDB325001F1B20 /* Project object */;
			proxyType = 1;
			remoteGlobalIDString = 04EEFDA021BDB325001F1B20;
			remoteInfo = "increament decreament +- 1";
		};
		04EEFDC121BDB325001F1B20 /* PBXContainerItemProxy */ = {
			isa = PBXContainerItemProxy;
			containerPortal = 04EEFD9921BDB325001F1B20 /* Project object */;
			proxyType = 1;
			remoteGlobalIDString = 04EEFDA021BDB325001F1B20;
			remoteInfo = "increament decreament +- 1";
		};
/* End PBXContainerItemProxy section */

/* Begin PBXFileReference section */
		04EEFDA121BDB325001F1B20 /* increament decreament +- 1.app */ = {isa = PBXFileReference; explicitFileType = wrapper.application; includeInIndex = 0; path = "increament decreament +- 1.app"; sourceTree = BUILT_PRODUCTS_DIR; };
		04EEFDA421BDB325001F1B20 /* AppDelegate.swift */ = {isa = PBXFileReference; lastKnownFileType = sourcecode.swift; path = AppDelegate.swift; sourceTree = "<group>"; };
		04EEFDA621BDB325001F1B20 /* ViewController.swift */ = {isa = PBXFileReference; lastKnownFileType = sourcecode.swift; path = ViewController.swift; sourceTree = "<group>"; };
		04EEFDA921BDB325001F1B20 /* Base */ = {isa = PBXFileReference; lastKnownFileType = file.storyboard; name = Base; path = Base.lproj/Main.storyboard; sourceTree = "<group>"; };
		04EEFDAB21BDB325001F1B20 /* Assets.xcassets */ = {isa = PBXFileReference; lastKnownFileType = folder.assetcatalog; path = Assets.xcassets; sourceTree = "<group>"; };
		04EEFDAE21BDB325001F1B20 /* Base */ = {isa = PBXFileReference; lastKnownFileType = file.storyboard; name = Base; path = Base.lproj/LaunchScreen.storyboard; sourceTree = "<group>"; };
		04EEFDB021BDB325001F1B20 /* Info.plist */ = {isa = PBXFileReference; lastKnownFileType = text.plist.xml; path = Info.plist; sourceTree = "<group>"; };
		04EEFDB521BDB325001F1B20 /* increament decreament +- 1Tests.xctest */ = {isa = PBXFileReference; explicitFileType = wrapper.cfbundle; includeInIndex = 0; path = "increament decreament +- 1Tests.xctest"; sourceTree = BUILT_PRODUCTS_DIR; };
		04EEFDB921BDB325001F1B20 /* increament_decreament____1Tests.swift */ = {isa = PBXFileReference; lastKnownFileType = sourcecode.swift; path = "increament_decreament____1Tests.swift"; sourceTree = "<group>"; };
		04EEFDBB21BDB325001F1B20 /* Info.plist */ = {isa = PBXFileReference; lastKnownFileType = text.plist.xml; path = Info.plist; sourceTree = "<group>"; };
		04EEFDC021BDB325001F1B20 /* increament decreament +- 1UITests.xctest */ = {isa = PBXFileReference; explicitFileType = wrapper.cfbundle; includeInIndex = 0; path = "increament decreament +- 1UITests.xctest"; sourceTree = BUILT_PRODUCTS_DIR; };
		04EEFDC421BDB325001F1B20 /* increament_decreament____1UITests.swift */ = {isa = PBXFileReference; lastKnownFileType = sourcecode.swift; path = "increament_decreament____1UITests.swift"; sourceTree = "<group>"; };
		04EEFDC621BDB325001F1B20 /* Info.plist */ = {isa = PBXFileReference; lastKnownFileType = text.plist.xml; path = Info.plist; sourceTree = "<group>"; };
/* End PBXFileReference section */

/* Begin PBXFrameworksBuildPhase section */
		04EEFD9E21BDB325001F1B20 /* Frameworks */ = {
			isa = PBXFrameworksBuildPhase;
			buildActionMask = 2147483647;
			files = (
			);
			runOnlyForDeploymentPostprocessing = 0;
		};
		04EEFDB221BDB325001F1B20 /* Frameworks */ = {
			isa = PBXFrameworksBuildPhase;
			buildActionMask = 2147483647;
			files = (
			);
			runOnlyForDeploymentPostprocessing = 0;
		};
		04EEFDBD21BDB325001F1B20 /* Frameworks */ = {
			isa = PBXFrameworksBuildPhase;
			buildActionMask = 2147483647;
			files = (
			);
			runOnlyForDeploymentPostprocessing = 0;
		};
/* End PBXFrameworksBuildPhase section */

/* Begin PBXGroup section */
		04EEFD9821BDB325001F1B20 = {
			isa = PBXGroup;
			children = (
				04EEFDA321BDB325001F1B20 /* increament decreament +- 1 */,
				04EEFDB821BDB325001F1B20 /* increament decreament +- 1Tests */,
				04EEFDC321BDB325001F1B20 /* increament decreament +- 1UITests */,
				04EEFDA221BDB325001F1B20 /* Products */,
			);
			sourceTree = "<group>";
		};
		04EEFDA221BDB325001F1B20 /* Products */ = {
			isa = PBXGroup;
			children = (
				04EEFDA121BDB325001F1B20 /* increament decreament +- 1.app */,
				04EEFDB521BDB325001F1B20 /* increament decreament +- 1Tests.xctest */,
				04EEFDC021BDB325001F1B20 /* increament decreament +- 1UITests.xctest */,
			);
			name = Products;
			sourceTree = "<group>";
		};
		04EEFDA321BDB325001F1B20 /* increament decreament +- 1 */ = {
			isa = PBXGroup;
			children = (
				04EEFDA421BDB325001F1B20 /* AppDelegate.swift */,
				04EEFDA621BDB325001F1B20 /* ViewController.swift */,
				04EEFDA821BDB325001F1B20 /* Main.storyboard */,
				04EEFDAB21BDB325001F1B20 /* Assets.xcassets */,
				04EEFDAD21BDB325001F1B20 /* LaunchScreen.storyboard */,
				04EEFDB021BDB325001F1B20 /* Info.plist */,
			);
			path = "increament decreament +- 1";
			sourceTree = "<group>";
		};
		04EEFDB821BDB325001F1B20 /* increament decreament +- 1Tests */ = {
			isa = PBXGroup;
			children = (
				04EEFDB921BDB325001F1B20 /* increament_decreament____1Tests.swift */,
				04EEFDBB21BDB325001F1B20 /* Info.plist */,
			);
			path = "increament decreament +- 1Tests";
			sourceTree = "<group>";
		};
		04EEFDC321BDB325001F1B20 /* increament decreament +- 1UITests */ = {
			isa = PBXGroup;
			children = (
				04EEFDC421BDB325001F1B20 /* increament_decreament____1UITests.swift */,
				04EEFDC621BDB325001F1B20 /* Info.plist */,
			);
			path = "increament decreament +- 1UITests";
			sourceTree = "<group>";
		};
/* End PBXGroup section */

/* Begin PBXNativeTarget section */
		04EEFDA021BDB325001F1B20 /* increament decreament +- 1 */ = {
			isa = PBXNativeTarget;
			buildConfigurationList = 04EEFDC921BDB325001F1B20 /* Build configuration list for PBXNativeTarget "increament decreament +- 1" */;
			buildPhases = (
				04EEFD9D21BDB325001F1B20 /* Sources */,
				04EEFD9E21BDB325001F1B20 /* Frameworks */,
				04EEFD9F21BDB325001F1B20 /* Resources */,
			);
			buildRules = (
			);
			dependencies = (
			);
			name = "increament decreament +- 1";
			productName = "increament decreament +- 1";
			productReference = 04EEFDA121BDB325001F1B20 /* increament decreament +- 1.app */;
			productType = "com.apple.product-type.application";
		};
		04EEFDB421BDB325001F1B20 /* increament decreament +- 1Tests */ = {
			isa = PBXNativeTarget;
			buildConfigurationList = 04EEFDCC21BDB325001F1B20 /* Build configuration list for PBXNativeTarget "increament decreament +- 1Tests" */;
			buildPhases = (
				04EEFDB121BDB325001F1B20 /* Sources */,
				04EEFDB221BDB325001F1B20 /* Frameworks */,
				04EEFDB321BDB325001F1B20 /* Resources */,
			);
			buildRules = (
			);
			dependencies = (
				04EEFDB721BDB325001F1B20 /* PBXTargetDependency */,
			);
			name = "increament decreament +- 1Tests";
			productName = "increament decreament +- 1Tests";
			productReference = 04EEFDB521BDB325001F1B20 /* increament decreament +- 1Tests.xctest */;
			productType = "com.apple.product-type.bundle.unit-test";
		};
		04EEFDBF21BDB325001F1B20 /* increament decreament +- 1UITests */ = {
			isa = PBXNativeTarget;
			buildConfigurationList = 04EEFDCF21BDB325001F1B20 /* Build configuration list for PBXNativeTarget "increament decreament +- 1UITests" */;
			buildPhases = (
				04EEFDBC21BDB325001F1B20 /* Sources */,
				04EEFDBD21BDB325001F1B20 /* Frameworks */,
				04EEFDBE21BDB325001F1B20 /* Resources */,
			);
			buildRules = (
			);
			dependencies = (
				04EEFDC221BDB325001F1B20 /* PBXTargetDependency */,
			);
			name = "increament decreament +- 1UITests";
			productName = "increament decreament +- 1UITests";
			productReference = 04EEFDC021BDB325001F1B20 /* increament decreament +- 1UITests.xctest */;
			productType = "com.apple.product-type.bundle.ui-testing";
		};
/* End PBXNativeTarget section */

/* Begin PBXProject section */
		04EEFD9921BDB325001F1B20 /* Project object */ = {
			isa = PBXProject;
			attributes = {
				LastSwiftUpdateCheck = 0940;
				LastUpgradeCheck = 0940;
				ORGANIZATIONNAME = Mac;
				TargetAttributes = {
					04EEFDA021BDB325001F1B20 = {
						CreatedOnToolsVersion = 9.4.1;
					};
					04EEFDB421BDB325001F1B20 = {
						CreatedOnToolsVersion = 9.4.1;
						TestTargetID = 04EEFDA021BDB325001F1B20;
					};
					04EEFDBF21BDB325001F1B20 = {
						CreatedOnToolsVersion = 9.4.1;
						TestTargetID = 04EEFDA021BDB325001F1B20;
					};
				};
			};
			buildConfigurationList = 04EEFD9C21BDB325001F1B20 /* Build configuration list for PBXProject "increament decreament +- 1" */;
			compatibilityVersion = "Xcode 9.3";
			developmentRegion = en;
			hasScannedForEncodings = 0;
			knownRegions = (
				en,
				Base,
			);
			mainGroup = 04EEFD9821BDB325001F1B20;
			productRefGroup = 04EEFDA221BDB325001F1B20 /* Products */;
			projectDirPath = "";
			projectRoot = "";
			targets = (
				04EEFDA021BDB325001F1B20 /* increament decreament +- 1 */,
				04EEFDB421BDB325001F1B20 /* increament decreament +- 1Tests */,
				04EEFDBF21BDB325001F1B20 /* increament decreament +- 1UITests */,
			);
		};
/* End PBXProject section */

/* Begin PBXResourcesBuildPhase section */
		04EEFD9F21BDB325001F1B20 /* Resources */ = {
			isa = PBXResourcesBuildPhase;
			buildActionMask = 2147483647;
			files = (
				04EEFDAF21BDB325001F1B20 /* LaunchScreen.storyboard in Resources */,
				04EEFDAC21BDB325001F1B20 /* Assets.xcassets in Resources */,
				04EEFDAA21BDB325001F1B20 /* Main.storyboard in Resources */,
			);
			runOnlyForDeploymentPostprocessing = 0;
		};
		04EEFDB321BDB325001F1B20 /* Resources */ = {
			isa = PBXResourcesBuildPhase;
			buildActionMask = 2147483647;
			files = (
			);
			runOnlyForDeploymentPostprocessing = 0;
		};
		04EEFDBE21BDB325001F1B20 /* Resources */ = {
			isa = PBXResourcesBuildPhase;
			buildActionMask = 2147483647;
			files = (
			);
			runOnlyForDeploymentPostprocessing = 0;
		};
/* End PBXResourcesBuildPhase section */

/* Begin PBXSourcesBuildPhase section */
		04EEFD9D21BDB325001F1B20 /* Sources */ = {
			isa = PBXSourcesBuildPhase;
			buildActionMask = 2147483647;
			files = (
				04EEFDA721BDB325001F1B20 /* ViewController.swift in Sources */,
				04EEFDA521BDB325001F1B20 /* AppDelegate.swift in Sources */,
			);
			runOnlyForDeploymentPostprocessing = 0;
		};
		04EEFDB121BDB325001F1B20 /* Sources */ = {
			isa = PBXSourcesBuildPhase;
			buildActionMask = 2147483647;
			files = (
				04EEFDBA21BDB325001F1B20 /* increament_decreament____1Tests.swift in Sources */,
			);
			runOnlyForDeploymentPostprocessing = 0;
		};
		04EEFDBC21BDB325001F1B20 /* Sources */ = {
			isa = PBXSourcesBuildPhase;
			buildActionMask = 2147483647;
			files = (
				04EEFDC521BDB325001F1B20 /* increament_decreament____1UITests.swift in Sources */,
			);
			runOnlyForDeploymentPostprocessing = 0;
		};
/* End PBXSourcesBuildPhase section */

/* Begin PBXTargetDependency section */
		04EEFDB721BDB325001F1B20 /* PBXTargetDependency */ = {
			isa = PBXTargetDependency;
			target = 04EEFDA021BDB325001F1B20 /* increament decreament +- 1 */;
			targetProxy = 04EEFDB621BDB325001F1B20 /* PBXContainerItemProxy */;
		};
		04EEFDC221BDB325001F1B20 /* PBXTargetDependency */ = {
			isa = PBXTargetDependency;
			target = 04EEFDA021BDB325001F1B20 /* increament decreament +- 1 */;
			targetProxy = 04EEFDC121BDB325001F1B20 /* PBXContainerItemProxy */;
		};
/* End PBXTargetDependency section */

/* Begin PBXVariantGroup section */
		04EEFDA821BDB325001F1B20 /* Main.storyboard */ = {
			isa = PBXVariantGroup;
			children = (
				04EEFDA921BDB325001F1B20 /* Base */,
			);
			name = Main.storyboard;
			sourceTree = "<group>";
		};
		04EEFDAD21BDB325001F1B20 /* LaunchScreen.storyboard */ = {
			isa = PBXVariantGroup;
			children = (
				04EEFDAE21BDB325001F1B20 /* Base */,
			);
			name = LaunchScreen.storyboard;
			sourceTree = "<group>";
		};
/* End PBXVariantGroup section */

/* Begin XCBuildConfiguration section */
		04EEFDC721BDB325001F1B20 /* Debug */ = {
			isa = XCBuildConfiguration;
			buildSettings = {
				ALWAYS_SEARCH_USER_PATHS = NO;
				CLANG_ANALYZER_NONNULL = YES;
				CLANG_ANALYZER_NUMBER_OBJECT_CONVERSION = YES_AGGRESSIVE;
				CLANG_CXX_LANGUAGE_STANDARD = "gnu++14";
				CLANG_CXX_LIBRARY = "libc++";
				CLANG_ENABLE_MODULES = YES;
				CLANG_ENABLE_OBJC_ARC = YES;
				CLANG_ENABLE_OBJC_WEAK = YES;
				CLANG_WARN_BLOCK_CAPTURE_AUTORELEASING = YES;
				CLANG_WARN_BOOL_CONVERSION = YES;
				CLANG_WARN_COMMA = YES;
				CLANG_WARN_CONSTANT_CONVERSION = YES;
				CLANG_WARN_DEPRECATED_OBJC_IMPLEMENTATIONS = YES;
				CLANG_WARN_DIRECT_OBJC_ISA_USAGE = YES_ERROR;
				CLANG_WARN_DOCUMENTATION_COMMENTS = YES;
				CLANG_WARN_EMPTY_BODY = YES;
				CLANG_WARN_ENUM_CONVERSION = YES;
				CLANG_WARN_INFINITE_RECURSION = YES;
				CLANG_WARN_INT_CONVERSION = YES;
				CLANG_WARN_NON_LITERAL_NULL_CONVERSION = YES;
				CLANG_WARN_OBJC_IMPLICIT_RETAIN_SELF = YES;
				CLANG_WARN_OBJC_LITERAL_CONVERSION = YES;
				CLANG_WARN_OBJC_ROOT_CLASS = YES_ERROR;
				CLANG_WARN_RANGE_LOOP_ANALYSIS = YES;
				CLANG_WARN_STRICT_PROTOTYPES = YES;
				CLANG_WARN_SUSPICIOUS_MOVE = YES;
				CLANG_WARN_UNGUARDED_AVAILABILITY = YES_AGGRESSIVE;
				CLANG_WARN_UNREACHABLE_CODE = YES;
				CLANG_WARN__DUPLICATE_METHOD_MATCH = YES;
				CODE_SIGN_IDENTITY = "iPhone Developer";
				COPY_PHASE_STRIP = NO;
				DEBUG_INFORMATION_FORMAT = dwarf;
				ENABLE_STRICT_OBJC_MSGSEND = YES;
				ENABLE_TESTABILITY = YES;
				GCC_C_LANGUAGE_STANDARD = gnu11;
				GCC_DYNAMIC_NO_PIC = NO;
				GCC_NO_COMMON_BLOCKS = YES;
				GCC_OPTIMIZATION_LEVEL = 0;
				GCC_PREPROCESSOR_DEFINITIONS = (
					"DEBUG=1",
					"$(inherited)",
				);
				GCC_WARN_64_TO_32_BIT_CONVERSION = YES;
				GCC_WARN_ABOUT_RETURN_TYPE = YES_ERROR;
				GCC_WARN_UNDECLARED_SELECTOR = YES;
				GCC_WARN_UNINITIALIZED_AUTOS = YES_AGGRESSIVE;
				GCC_WARN_UNUSED_FUNCTION = YES;
				GCC_WARN_UNUSED_VARIABLE = YES;
				IPHONEOS_DEPLOYMENT_TARGET = 11.4;
				MTL_ENABLE_DEBUG_INFO = YES;
				ONLY_ACTIVE_ARCH = YES;
				SDKROOT = iphoneos;
				SWIFT_ACTIVE_COMPILATION_CONDITIONS = DEBUG;
				SWIFT_OPTIMIZATION_LEVEL = "-Onone";
			};
			name = Debug;
		};
		04EEFDC821BDB325001F1B20 /* Release */ = {
			isa = XCBuildConfiguration;
			buildSettings = {
				ALWAYS_SEARCH_USER_PATHS = NO;
				CLANG_ANALYZER_NONNULL = YES;
				CLANG_ANALYZER_NUMBER_OBJECT_CONVERSION = YES_AGGRESSIVE;
				CLANG_CXX_LANGUAGE_STANDARD = "gnu++14";
				CLANG_CXX_LIBRARY = "libc++";
				CLANG_ENABLE_MODULES = YES;
				CLANG_ENABLE_OBJC_ARC = YES;
				CLANG_ENABLE_OBJC_WEAK = YES;
				CLANG_WARN_BLOCK_CAPTURE_AUTORELEASING = YES;
				CLANG_WARN_BOOL_CONVERSION = YES;
				CLANG_WARN_COMMA = YES;
				CLANG_WARN_CONSTANT_CONVERSION = YES;
				CLANG_WARN_DEPRECATED_OBJC_IMPLEMENTATIONS = YES;
				CLANG_WARN_DIRECT_OBJC_ISA_USAGE = YES_ERROR;
				CLANG_WARN_DOCUMENTATION_COMMENTS = YES;
				CLANG_WARN_EMPTY_BODY = YES;
				CLANG_WARN_ENUM_CONVERSION = YES;
				CLANG_WARN_INFINITE_RECURSION = YES;
				CLANG_WARN_INT_CONVERSION = YES;
				CLANG_WARN_NON_LITERAL_NULL_CONVERSION = YES;
				CLANG_WARN_OBJC_IMPLICIT_RETAIN_SELF = YES;
				CLANG_WARN_OBJC_LITERAL_CONVERSION = YES;
				CLANG_WARN_OBJC_ROOT_CLASS = YES_ERROR;
				CLANG_WARN_RANGE_LOOP_ANALYSIS = YES;
				CLANG_WARN_STRICT_PROTOTYPES = YES;
				CLANG_WARN_SUSPICIOUS_MOVE = YES;
				CLANG_WARN_UNGUARDED_AVAILABILITY = YES_AGGRESSIVE;
				CLANG_WARN_UNREACHABLE_CODE = YES;
				CLANG_WARN__DUPLICATE_METHOD_MATCH = YES;
				CODE_SIGN_IDENTITY = "iPhone Developer";
				COPY_PHASE_STRIP = NO;
				DEBUG_INFORMATION_FORMAT = "dwarf-with-dsym";
				ENABLE_NS_ASSERTIONS = NO;
				ENABLE_STRICT_OBJC_MSGSEND = YES;
				GCC_C_LANGUAGE_STANDARD = gnu11;
				GCC_NO_COMMON_BLOCKS = YES;
				GCC_WARN_64_TO_32_BIT_CONVERSION = YES;
				GCC_WARN_ABOUT_RETURN_TYPE = YES_ERROR;
				GCC_WARN_UNDECLARED_SELECTOR = YES;
				GCC_WARN_UNINITIALIZED_AUTOS = YES_AGGRESSIVE;
				GCC_WARN_UNUSED_FUNCTION = YES;
				GCC_WARN_UNUSED_VARIABLE = YES;
				IPHONEOS_DEPLOYMENT_TARGET = 11.4;
				MTL_ENABLE_DEBUG_INFO = NO;
				SDKROOT = iphoneos;
				SWIFT_COMPILATION_MODE = wholemodule;
				SWIFT_OPTIMIZATION_LEVEL = "-O";
				VALIDATE_PRODUCT = YES;
			};
			name = Release;
		};
		04EEFDCA21BDB325001F1B20 /* Debug */ = {
			isa = XCBuildConfiguration;
			buildSettings = {
				ASSETCATALOG_COMPILER_APPICON_NAME = AppIcon;
				CODE_SIGN_STYLE = Automatic;
				INFOPLIST_FILE = "increament decreament +- 1/Info.plist";
				LD_RUNPATH_SEARCH_PATHS = (
					"$(inherited)",
					"@executable_path/Frameworks",
				);
				PRODUCT_BUNDLE_IDENTIFIER = "amit-2018.increament-decreament----1";
				PRODUCT_NAME = "$(TARGET_NAME)";
				SWIFT_VERSION = 4.0;
				TARGETED_DEVICE_FAMILY = "1,2";
			};
			name = Debug;
		};
		04EEFDCB21BDB325001F1B20 /* Release */ = {
			isa = XCBuildConfiguration;
			buildSettings = {
				ASSETCATALOG_COMPILER_APPICON_NAME = AppIcon;
				CODE_SIGN_STYLE = Automatic;
				INFOPLIST_FILE = "increament decreament +- 1/Info.plist";
				LD_RUNPATH_SEARCH_PATHS = (
					"$(inherited)",
					"@executable_path/Frameworks",
				);
				PRODUCT_BUNDLE_IDENTIFIER = "amit-2018.increament-decreament----1";
				PRODUCT_NAME = "$(TARGET_NAME)";
				SWIFT_VERSION = 4.0;
				TARGETED_DEVICE_FAMILY = "1,2";
			};
			name = Release;
		};
		04EEFDCD21BDB325001F1B20 /* Debug */ = {
			isa = XCBuildConfiguration;
			buildSettings = {
				ALWAYS_EMBED_SWIFT_STANDARD_LIBRARIES = YES;
				BUNDLE_LOADER = "$(TEST_HOST)";
				CODE_SIGN_STYLE = Automatic;
				INFOPLIST_FILE = "increament decreament +- 1Tests/Info.plist";
				LD_RUNPATH_SEARCH_PATHS = (
					"$(inherited)",
					"@executable_path/Frameworks",
					"@loader_path/Frameworks",
				);
				PRODUCT_BUNDLE_IDENTIFIER = "amit-2018.increament-decreament----1Tests";
				PRODUCT_NAME = "$(TARGET_NAME)";
				SWIFT_VERSION = 4.0;
				TARGETED_DEVICE_FAMILY = "1,2";
				TEST_HOST = "$(BUILT_PRODUCTS_DIR)/increament decreament +- 1.app/increament decreament +- 1";
			};
			name = Debug;
		};
		04EEFDCE21BDB325001F1B20 /* Release */ = {
			isa = XCBuildConfiguration;
			buildSettings = {
				ALWAYS_EMBED_SWIFT_STANDARD_LIBRARIES = YES;
				BUNDLE_LOADER = "$(TEST_HOST)";
				CODE_SIGN_STYLE = Automatic;
				INFOPLIST_FILE = "increament decreament +- 1Tests/Info.plist";
				LD_RUNPATH_SEARCH_PATHS = (
					"$(inherited)",
					"@executable_path/Frameworks",
					"@loader_path/Frameworks",
				);
				PRODUCT_BUNDLE_IDENTIFIER = "amit-2018.increament-decreament----1Tests";
				PRODUCT_NAME = "$(TARGET_NAME)";
				SWIFT_VERSION = 4.0;
				TARGETED_DEVICE_FAMILY = "1,2";
				TEST_HOST = "$(BUILT_PRODUCTS_DIR)/increament decreament +- 1.app/increament decreament +- 1";
			};
			name = Release;
		};
		04EEFDD021BDB325001F1B20 /* Debug */ = {
			isa = XCBuildConfiguration;
			buildSettings = {
				ALWAYS_EMBED_SWIFT_STANDARD_LIBRARIES = YES;
				CODE_SIGN_STYLE = Automatic;
				INFOPLIST_FILE = "increament decreament +- 1UITests/Info.plist";
				LD_RUNPATH_SEARCH_PATHS = (
					"$(inherited)",
					"@executable_path/Frameworks",
					"@loader_path/Frameworks",
				);
				PRODUCT_BUNDLE_IDENTIFIER = "amit-2018.increament-decreament----1UITests";
				PRODUCT_NAME = "$(TARGET_NAME)";
				SWIFT_VERSION = 4.0;
				TARGETED_DEVICE_FAMILY = "1,2";
				TEST_TARGET_NAME = "increament decreament +- 1";
			};
			name = Debug;
		};
		04EEFDD121BDB325001F1B20 /* Release */ = {
			isa = XCBuildConfiguration;
			buildSettings = {
				ALWAYS_EMBED_SWIFT_STANDARD_LIBRARIES = YES;
				CODE_SIGN_STYLE = Automatic;
				INFOPLIST_FILE = "increament decreament +- 1UITests/Info.plist";
				LD_RUNPATH_SEARCH_PATHS = (
					"$(inherited)",
					"@executable_path/Frameworks",
					"@loader_path/Frameworks",
				);
				PRODUCT_BUNDLE_IDENTIFIER = "amit-2018.increament-decreament----1UITests";
				PRODUCT_NAME = "$(TARGET_NAME)";
				SWIFT_VERSION = 4.0;
				TARGETED_DEVICE_FAMILY = "1,2";
				TEST_TARGET_NAME = "increament decreament +- 1";
			};
			name = Release;
		};
/* End XCBuildConfiguration section */

/* Begin XCConfigurationList section */
		04EEFD9C21BDB325001F1B20 /* Build configuration list for PBXProject "increament decreament +- 1" */ = {
			isa = XCConfigurationList;
			buildConfigurations = (
				04EEFDC721BDB325001F1B20 /* Debug */,
				04EEFDC821BDB325001F1B20 /* Release */,
			);
			defaultConfigurationIsVisible = 0;
			defaultConfigurationName = Release;
		};
		04EEFDC921BDB325001F1B20 /* Build configuration list for PBXNativeTarget "increament decreament +- 1" */ = {
			isa = XCConfigurationList;
			buildConfigurations = (
				04EEFDCA21BDB325001F1B20 /* Debug */,
				04EEFDCB21BDB325001F1B20 /* Release */,
			);
			defaultConfigurationIsVisible = 0;
			defaultConfigurationName = Release;
		};
		04EEFDCC21BDB325001F1B20 /* Build configuration list for PBXNativeTarget "increament decreament +- 1Tests" */ = {
			isa = XCConfigurationList;
			buildConfigurations = (
				04EEFDCD21BDB325001F1B20 /* Debug */,
				04EEFDCE21BDB325001F1B20 /* Release */,
			);
			defaultConfigurationIsVisible = 0;
			defaultConfigurationName = Release;
		};
		04EEFDCF21BDB325001F1B20 /* Build configuration list for PBXNativeTarget "increament decreament +- 1UITests" */ = {
			isa = XCConfigurationList;
			buildConfigurations = (
				04EEFDD021BDB325001F1B20 /* Debug */,
				04EEFDD121BDB325001F1B20 /* Release */,
			);
			defaultConfigurationIsVisible = 0;
			defaultConfigurationName = Release;
		};
/* End XCConfigurationList section */
	};
	rootObject = 04EEFD9921BDB325001F1B20 /* Project object */;
}
